
Microsoft Visual Studio Solution File, Format Version 12.00
# Visual Studio Version 16
VisualStudioVersion = 16.0.30011.22
MinimumVisualStudioVersion = 10.0.40219.1
Project("{FAE04EC0-301F-11D3-BF4B-00C04F79EFBC}") = "IotHub", "IotHub\IotHub.csproj", "{49846288-2CEF-434B-AAF3-8C2F5B95E4DA}"
EndProject
Global
	GlobalSection(SolutionConfigurationPlatforms) = preSolution
		Debug|Any CPU = Debug|Any CPU
		Release|Any CPU = Release|Any CPU
	EndGlobalSection
	GlobalSection(ProjectConfigurationPlatforms) = postSolution
		{49846288-2CEF-434B-AAF3-8C2F5B95E4DA}.Debug|Any CPU.ActiveCfg = Debug|Any CPU
		{49846288-2CEF-434B-AAF3-8C2F5B95E4DA}.Debug|Any CPU.Build.0 = Debug|Any CPU
		{49846288-2CEF-434B-AAF3-8C2F5B95E4DA}.Release|Any CPU.ActiveCfg = Release|Any CPU
		{49846288-2CEF-434B-AAF3-8C2F5B95E4DA}.Release|Any CPU.Build.0 = Release|Any CPU
	EndGlobalSection
	GlobalSection(SolutionProperties) = preSolution
		HideSolutionNode = FALSE
	EndGlobalSection
	GlobalSection(ExtensibilityGlobals) = postSolution
		SolutionGuid = {721AD00A-1774-45A5-9CBE-84E0F97F16AD}
	EndGlobalSection
EndGlobal
